{
  "name": "takeout",
  "version": "1.0.0",
  "lockfileVersion": 1,
  "requires": true,
  "dependencies": {
    "we-validator": {
      "version": "2.1.14",
      "resolved": "https://registry.npm.taobao.org/we-validator/download/we-validator-2.1.14.tgz",
      "integrity": "sha1-ELSFtOv2B0aQyfsIJjFarRWLv7c="
    }
  }
}
